{
  "name": "flow-component-model",
  "version": "1.6.16",
  "lockfileVersion": 1,
  "requires": true,
  "dependencies": {
    "@types/lodash": {
      "version": "4.14.138",
      "resolved": "https://registry.npmjs.org/@types/lodash/-/lodash-4.14.138.tgz",
      "integrity": "sha512-A4uJgHz4hakwNBdHNPdxOTkYmXNgmUAKLbXZ7PKGslgeV0Mb8P3BlbYfPovExek1qnod4pDfRbxuzcVs3dlFLg=="
    },
    "@types/lodash.throttle": {
      "version": "4.1.6",
      "resolved": "https://registry.npmjs.org/@types/lodash.throttle/-/lodash.throttle-4.1.6.tgz",
      "integrity": "sha512-/UIH96i/sIRYGC60NoY72jGkCJtFN5KVPhEMMMTjol65effe1gPn0tycJqV5tlSwMTzX8FqzB5yAj0rfGHTPNg==",
      "requires": {
        "@types/lodash": "*"
      }
    },
    "@types/node": {
      "version": "13.5.0",
      "resolved": "https://registry.npmjs.org/@types/node/-/node-13.5.0.tgz",
      "integrity": "sha512-Onhn+z72D2O2Pb2ql2xukJ55rglumsVo1H6Fmyi8mlU9SvKdBk/pUSUAiBY/d9bAOF7VVWajX3sths/+g6ZiAQ=="
    },
    "@types/prop-types": {
      "version": "15.7.1",
      "resolved": "https://registry.npmjs.org/@types/prop-types/-/prop-types-15.7.1.tgz",
      "integrity": "sha512-CFzn9idOEpHrgdw8JsoTkaDDyRWk1jrzIV8djzcgpq0y9tG4B4lFT+Nxh52DVpDXV+n4+NPNv7M1Dj5uMp6XFg==",
      "dev": true
    },
    "@types/react": {
      "version": "16.8.18",
      "resolved": "https://registry.npmjs.org/@types/react/-/react-16.8.18.tgz",
      "integrity": "sha512-lUXdKzRqWR4FebR5tGHkLCqnvQJS4fdXKCBrNGGbglqZg2gpU+J82pMONevQODUotATs9fc9k66bx3/St8vReg==",
      "dev": true,
      "requires": {
        "@types/prop-types": "*",
        "csstype": "^2.2.0"
      }
    },
    "@types/react-dom": {
      "version": "16.8.4",
      "resolved": "https://registry.npmjs.org/@types/react-dom/-/react-dom-16.8.4.tgz",
      "integrity": "sha512-eIRpEW73DCzPIMaNBDP5pPIpK1KXyZwNgfxiVagb5iGiz6da+9A5hslSX6GAQKdO7SayVCS/Fr2kjqprgAvkfA==",
      "dev": true,
      "requires": {
        "@types/react": "*"
      }
    },
    "csstype": {
      "version": "2.6.5",
      "resolved": "https://registry.npmjs.org/csstype/-/csstype-2.6.5.tgz",
      "integrity": "sha512-JsTaiksRsel5n7XwqPAfB0l3TFKdpjW/kgAELf9vrb5adGA7UCPLajKK5s3nFrcFm3Rkyp/Qkgl73ENc1UY3cA==",
      "dev": true
    },
    "dedent": {
      "version": "0.7.0",
      "resolved": "https://registry.npmjs.org/dedent/-/dedent-0.7.0.tgz",
      "integrity": "sha1-JJXduvbrh0q7Dhvp3yLS5aVEMmw="
    },
    "detect-element-overflow": {
      "version": "1.1.1",
      "resolved": "https://registry.npmjs.org/detect-element-overflow/-/detect-element-overflow-1.1.1.tgz",
      "integrity": "sha512-07f/EWuaPHU2JqPLg1JPuNaf47h+A5dt70EHO+X+U1zzSuAsgmI5qAU3kP1bCMICYmuvMrcqEZOIxiLB9d8zdg=="
    },
    "get-user-locale": {
      "version": "1.1.1",
      "resolved": "https://registry.npmjs.org/get-user-locale/-/get-user-locale-1.1.1.tgz",
      "integrity": "sha512-KuA+vMhsY+rSPK8hrmOvf7xXIMTs+L06RkgZ83jawZHSEqPLafZtQ63d3waXW3r8z6EQ49I/trraNncWM+s/2g==",
      "requires": {
        "lodash.once": "^4.1.1"
      }
    },
    "js-tokens": {
      "version": "4.0.0",
      "resolved": "https://registry.npmjs.org/js-tokens/-/js-tokens-4.0.0.tgz",
      "integrity": "sha512-RdJUflcE3cUzKiMqQgsCu06FPu9UdIJO0beYbPhHN4k6apgJtifcoCtT9bcxOpYBtpD2kCM6Sbzg4CausW/PKQ=="
    },
    "lodash.once": {
      "version": "4.1.1",
      "resolved": "https://registry.npmjs.org/lodash.once/-/lodash.once-4.1.1.tgz",
      "integrity": "sha1-DdOXEhPHxW34gJd9UEyI+0cal6w="
    },
    "lodash.throttle": {
      "version": "4.1.1",
      "resolved": "https://registry.npmjs.org/lodash.throttle/-/lodash.throttle-4.1.1.tgz",
      "integrity": "sha1-wj6RtxAkKscMN/HhzaknTMOb8vQ="
    },
    "loose-envify": {
      "version": "1.4.0",
      "resolved": "https://registry.npmjs.org/loose-envify/-/loose-envify-1.4.0.tgz",
      "integrity": "sha512-lyuxPGr/Wfhrlem2CL/UcnUc1zcqKAImBDzukY7Y5F/yQiNdko6+fRLevlw1HgMySw7f611UIY408EtxRSoK3Q==",
      "requires": {
        "js-tokens": "^3.0.0 || ^4.0.0"
      }
    },
    "make-event-props": {
      "version": "1.2.0",
      "resolved": "https://registry.npmjs.org/make-event-props/-/make-event-props-1.2.0.tgz",
      "integrity": "sha512-BmWFkm/jZzVH9A0tEBdkjAARUz/eha+5IRyfOndeSMKRadkgR5DawoBHoRwLxkYmjJOI5bHkXKpaZocxj+dKgg=="
    },
    "merge-class-names": {
      "version": "1.2.0",
      "resolved": "https://registry.npmjs.org/merge-class-names/-/merge-class-names-1.2.0.tgz",
      "integrity": "sha512-ifHxhC8DojHT1rG3PHCaJYInUqPd0WO+PxsaYDMkgy7RzfyOFtnlpr/hbhki+m/3R/ujIRVnZkD/AHjgjb5uhg=="
    },
    "object-assign": {
      "version": "4.1.1",
      "resolved": "https://registry.npmjs.org/object-assign/-/object-assign-4.1.1.tgz",
      "integrity": "sha1-IQmtx5ZYh8/AXLvUQsrIv7s2CGM="
    },
    "prop-types": {
      "version": "15.7.2",
      "resolved": "https://registry.npmjs.org/prop-types/-/prop-types-15.7.2.tgz",
      "integrity": "sha512-8QQikdH7//R2vurIJSutZ1smHYTcLpRWEOlHnzcWHmBYrOGUysKwSsrC89BCiFj3CbrfJ/nXFdJepOVrY1GCHQ==",
      "requires": {
        "loose-envify": "^1.4.0",
        "object-assign": "^4.1.1",
        "react-is": "^16.8.1"
      }
    },
    "react": {
      "version": "16.8.6",
      "resolved": "https://registry.npmjs.org/react/-/react-16.8.6.tgz",
      "integrity": "sha512-pC0uMkhLaHm11ZSJULfOBqV4tIZkx87ZLvbbQYunNixAAvjnC+snJCg0XQXn9VIsttVsbZP/H/ewzgsd5fxKXw==",
      "requires": {
        "loose-envify": "^1.1.0",
        "object-assign": "^4.1.1",
        "prop-types": "^15.6.2",
        "scheduler": "^0.13.6"
      }
    },
    "react-calendar": {
      "version": "2.19.0",
      "resolved": "https://registry.npmjs.org/react-calendar/-/react-calendar-2.19.0.tgz",
      "integrity": "sha512-vfmOuYSSzrWmJPJBH2WMLU7mVDPjhslawGBe2VYauN0tzEUt/cX/zsOLC+/PxH+3vD7dG4R7gpspl/q7L850sw==",
      "requires": {
        "get-user-locale": "^1.1.1",
        "merge-class-names": "^1.1.1",
        "prop-types": "^15.6.0",
        "react-lifecycles-compat": "^3.0.4"
      }
    },
    "react-clock": {
      "version": "2.3.0",
      "resolved": "https://registry.npmjs.org/react-clock/-/react-clock-2.3.0.tgz",
      "integrity": "sha1-3lwyjHvc7Fg0jaXCzNjYyk/BC3Y=",
      "requires": {
        "merge-class-names": "^1.1.1",
        "prop-types": "^15.6.0"
      }
    },
    "react-date-picker": {
      "version": "7.5.1",
      "resolved": "https://registry.npmjs.org/react-date-picker/-/react-date-picker-7.5.1.tgz",
      "integrity": "sha512-5KMMmFCSUXElrii3e3C/tklL0sHoZwY63CrAVjIjWjgjQAaTO40iFj0BIfVvbEcbpaiCRfwdjm8CYnJOSJkAPw==",
      "requires": {
        "get-user-locale": "^1.1.1",
        "make-event-props": "^1.1.0",
        "merge-class-names": "^1.1.1",
        "prop-types": "^15.6.0",
        "react-calendar": "^2.18.0",
        "react-fit": "^1.0.3",
        "react-lifecycles-compat": "^3.0.4"
      }
    },
    "react-datetime-picker": {
      "version": "2.4.0",
      "resolved": "https://registry.npmjs.org/react-datetime-picker/-/react-datetime-picker-2.4.0.tgz",
      "integrity": "sha512-SzY/GSk/BBefFRdQvnpnxor8vd3Vl235zJfg7b12j4cXd6QaRAccXwoUPYiKSzq6V+wTej4MQAiIYq5iPLb9tQ==",
      "requires": {
        "get-user-locale": "^1.1.1",
        "make-event-props": "^1.1.0",
        "merge-class-names": "^1.1.1",
        "prop-types": "^15.6.0",
        "react-calendar": "^2.18.0",
        "react-clock": "^2.3.0",
        "react-date-picker": "^7.5.1",
        "react-fit": "^1.0.3",
        "react-lifecycles-compat": "^3.0.4",
        "react-time-picker": "^3.5.2"
      }
    },
    "react-dom": {
      "version": "16.8.6",
      "resolved": "https://registry.npmjs.org/react-dom/-/react-dom-16.8.6.tgz",
      "integrity": "sha512-1nL7PIq9LTL3fthPqwkvr2zY7phIPjYrT0jp4HjyEQrEROnw4dG41VVwi/wfoCneoleqrNX7iAD+pXebJZwrwA==",
      "requires": {
        "loose-envify": "^1.1.0",
        "object-assign": "^4.1.1",
        "prop-types": "^15.6.2",
        "scheduler": "^0.13.6"
      }
    },
    "react-fit": {
      "version": "1.0.4",
      "resolved": "https://registry.npmjs.org/react-fit/-/react-fit-1.0.4.tgz",
      "integrity": "sha512-TYKXASKYXz1ZcRQpmSepwkj+UmTNsYtm4dDF/qZZchZPWZSFx3oP0RDMavlG4MKXbj8aAPw6ycXuibfOu/yXrA==",
      "requires": {
        "detect-element-overflow": "^1.1.1",
        "prop-types": "^15.6.0"
      }
    },
    "react-is": {
      "version": "16.8.6",
      "resolved": "https://registry.npmjs.org/react-is/-/react-is-16.8.6.tgz",
      "integrity": "sha512-aUk3bHfZ2bRSVFFbbeVS4i+lNPZr3/WM5jT2J5omUVV1zzcs1nAaf3l51ctA5FFvCRbhrH0bdAsRRQddFJZPtA=="
    },
    "react-lifecycles-compat": {
      "version": "3.0.4",
      "resolved": "https://registry.npmjs.org/react-lifecycles-compat/-/react-lifecycles-compat-3.0.4.tgz",
      "integrity": "sha512-fBASbA6LnOU9dOU2eW7aQ8xmYBSXUIWr+UmF9b1efZBazGNO+rcXT/icdKnYm2pTwcRylVUYwW7H1PHfLekVzA=="
    },
    "react-time-picker": {
      "version": "3.5.2",
      "resolved": "https://registry.npmjs.org/react-time-picker/-/react-time-picker-3.5.2.tgz",
      "integrity": "sha512-UIajQVfEGLjXLqTPUZCd1nxRiM0ED5MaoK2jNCX0MsHVHYnjXPsluvd0YU2YMiCgyj+oqYE5bVOULckqb+PgwQ==",
      "requires": {
        "get-user-locale": "^1.1.1",
        "make-event-props": "^1.1.0",
        "merge-class-names": "^1.1.1",
        "prop-types": "^15.6.0",
        "react-clock": "^2.3.0",
        "react-fit": "^1.0.3",
        "react-lifecycles-compat": "^3.0.4"
      }
    },
    "scheduler": {
      "version": "0.13.6",
      "resolved": "https://registry.npmjs.org/scheduler/-/scheduler-0.13.6.tgz",
      "integrity": "sha512-IWnObHt413ucAYKsD9J1QShUKkbKLQQHdxRyw73sw4FN26iWr3DY/H34xGPe4nmL1DwXyWmSWmMrA9TfQbE/XQ==",
      "requires": {
        "loose-envify": "^1.1.0",
        "object-assign": "^4.1.1"
      }
    },
    "typescript": {
      "version": "4.0.3",
      "resolved": "https://registry.npmjs.org/typescript/-/typescript-4.0.3.tgz",
      "integrity": "sha512-tEu6DGxGgRJPb/mVPIZ48e69xCn2yRmCgYmDugAVwmJ6o+0u1RI18eO7E7WBTLYLaEVVOhwQmcdhQHweux/WPg==",
      "dev": true
    }
  }
}
